<?xml version="1.0" encoding="utf-8"?>
<Project ToolsVersion="4.0" xmlns="http://schemas.microsoft.com/developer/msbuild/2003">
  <ItemGroup>
    <Filter Include="src">
      <UniqueIdentifier>{f62df14e-5155-462a-882e-f1d7e3bf1d62}</UniqueIdentifier>
    </Filter>
    <Filter Include="src\event">
      <UniqueIdentifier>{211e3041-a575-47cb-b7fe-21d485e0fca3}</UniqueIdentifier>
    </Filter>
    <Filter Include="src\event\events">
      <UniqueIdentifier>{a7b4d81a-bd24-4126-a6c4-53766cd9a126}</UniqueIdentifier>
    </Filter>
    <Filter Include="src\core">
      <UniqueIdentifier>{40f899fc-09ad-4f71-bbcd-0f0a20cb4f2d}</UniqueIdentifier>
    </Filter>
    <Filter Include="src\utils">
      <UniqueIdentifier>{41944daa-a529-4228-9fe0-2a7b5a198589}</UniqueIdentifier>
    </Filter>
    <Filter Include="src\player">
      <UniqueIdentifier>{2c92826f-4dee-4af5-86e5-70c2ed37688e}</UniqueIdentifier>
    </Filter>
  </ItemGroup>
  <ItemGroup>
    <ClCompile Include="src\core\Core.cpp">
      <Filter>src\core</Filter>
    </ClCompile>
    <ClCompile Include="src\core\State.cpp">
      <Filter>src\core</Filter>
    </ClCompile>
    <ClCompile Include="src\core\Object.cpp">
      <Filter>src\core</Filter>
    </ClCompile>
    <ClCompile Include="src\player\Player.cpp">
      <Filter>src\player</Filter>
    </ClCompile>
    <ClCompile Include="src\player\Entity.cpp">
      <Filter>src\player</Filter>
    </ClCompile>
    <ClCompile Include="src\utils\Logger.cpp">
      <Filter>src\utils</Filter>
    </ClCompile>
    <ClCompile Include="src\event\EventListener.cpp">
      <Filter>src\event</Filter>
    </ClCompile>
    <ClCompile Include="src/Game.cpp">
      <Filter>src\core</Filter>
    </ClCompile>
  </ItemGroup>
  <ItemGroup>
    <ClInclude Include="src\utils\Colors.h">
      <Filter>src\utils</Filter>
    </ClInclude>
    <ClInclude Include="src\core\Core.h">
      <Filter>src\core</Filter>
    </ClInclude>
    <ClInclude Include="src\player\Entity.h">
      <Filter>src\player</Filter>
    </ClInclude>
    <ClInclude Include="src\event\Event.h">
      <Filter>src\event</Filter>
    </ClInclude>
    <ClInclude Include="src\event\EventHandler.h">
      <Filter>src\event</Filter>
    </ClInclude>
    <ClInclude Include="src\event\EventListener.h">
      <Filter>src\event</Filter>
    </ClInclude>
    <ClInclude Include="src\event\Events.h">
      <Filter>src\event</Filter>
    </ClInclude>
    <ClInclude Include="src\utils\Exception.h">
      <Filter>src\utils</Filter>
    </ClInclude>
    <ClInclude Include="src\core\GameInfo.h">
      <Filter>src\core</Filter>
    </ClInclude>
    <ClInclude Include="src\utils\Logger.h">
      <Filter>src\utils</Filter>
    </ClInclude>
    <ClInclude Include="src\utils\LogMessage.h">
      <Filter>src\utils</Filter>
    </ClInclude>
    <ClInclude Include="src\event\io\MouseClickEvent.h">
      <Filter>src\event\events</Filter>
    </ClInclude>
    <ClInclude Include="src\core\Object.h">
      <Filter>src\core</Filter>
    </ClInclude>
    <ClInclude Include="src\player\Player.h">
      <Filter>src\player</Filter>
    </ClInclude>
    <ClInclude Include="src\core\State.h">
      <Filter>src\core</Filter>
    </ClInclude>
    <ClInclude Include="src\event\window\WindowCloseEvent.h">
      <Filter>src\event\events</Filter>
    </ClInclude>
    <ClInclude Include="src\event\window\WindowResizeEvent.h">
      <Filter>src\event\events</Filter>
    </ClInclude>
    <ClInclude Include="src\event\window\WindowFocusEvent.h" />
    <ClInclude Include="src\event\io\TextEnterEvent.h" />
    <ClInclude Include="src\event\io\KeyPressEvent.h" />
    <ClInclude Include="src\event\io\MouseWheelEvent.h" />
    <ClInclude Include="src\event\io\MouseMoveEvent.h" />
    <ClInclude Include="src\event\io\MouseEnterEvent.h" />
    <ClInclude Include="src\event\io\JoystickButtonEvent.h" />
    <ClInclude Include="src\event\io\JoystickMoveEvent.h" />
    <ClInclude Include="src\event\io\JoystickConnectEvent.h" />
  </ItemGroup>
</Project>