
Microsoft Visual Studio Solution File, Format Version 12.00
# Visual Studio Version 17
VisualStudioVersion = 17.2.32526.322
MinimumVisualStudioVersion = 10.0.40219.1
Project("{8BC9CEB8-8B4A-11D0-8D11-00A0C91BC942}") = "RPGame", "RPGame.vcxproj", "{23B53125-E92F-4244-9DF5-8E914A20AA25}"
EndProject
Project("{2150E333-8FDC-42A3-9474-1A3956D46DE8}") = "core", "core", "{0C84353C-0037-4008-A8CD-AD24EB234010}"
	ProjectSection(SolutionItems) = preProject
		src\core\Core.cpp = src\core\Core.cpp
		src\core\Core.h = src\core\Core.h
		src\core\GameInfo.h = src\core\GameInfo.h
		src\core\Object.cpp = src\core\Object.cpp
		src\core\Object.h = src\core\Object.h
		src\core\State.cpp = src\core\State.cpp
		src\core\State.h = src\core\State.h
	EndProjectSection
EndProject
Project("{2150E333-8FDC-42A3-9474-1A3956D46DE8}") = "utils", "utils", "{1D3F1AD5-C03B-4B51-BD41-8CC0C1A122DE}"
	ProjectSection(SolutionItems) = preProject
		src\utils\Colors.h = src\utils\Colors.h
		src\utils\Exception.h = src\utils\Exception.h
		src\utils\Logger.cpp = src\utils\Logger.cpp
		src\utils\Logger.h = src\utils\Logger.h
		src\utils\LogMessage.h = src\utils\LogMessage.h
	EndProjectSection
EndProject
Project("{2150E333-8FDC-42A3-9474-1A3956D46DE8}") = "player", "player", "{43D79724-0042-4909-8350-4F94D599AB1B}"
	ProjectSection(SolutionItems) = preProject
		src\player\Entity.cpp = src\player\Entity.cpp
		src\player\Entity.h = src\player\Entity.h
		src\player\Player.cpp = src\player\Player.cpp
		src\player\Player.h = src\player\Player.h
	EndProjectSection
EndProject
Global
	GlobalSection(SolutionConfigurationPlatforms) = preSolution
		Debug|x64 = Debug|x64
		Debug|x86 = Debug|x86
		Release|x64 = Release|x64
		Release|x86 = Release|x86
		ReleaseWithoutConsole|x64 = ReleaseWithoutConsole|x64
		ReleaseWithoutConsole|x86 = ReleaseWithoutConsole|x86
	EndGlobalSection
	GlobalSection(ProjectConfigurationPlatforms) = postSolution
		{23B53125-E92F-4244-9DF5-8E914A20AA25}.Debug|x64.ActiveCfg = Debug|x64
		{23B53125-E92F-4244-9DF5-8E914A20AA25}.Debug|x64.Build.0 = Debug|x64
		{23B53125-E92F-4244-9DF5-8E914A20AA25}.Debug|x86.ActiveCfg = Debug|Win32
		{23B53125-E92F-4244-9DF5-8E914A20AA25}.Debug|x86.Build.0 = Debug|Win32
		{23B53125-E92F-4244-9DF5-8E914A20AA25}.Release|x64.ActiveCfg = Release|x64
		{23B53125-E92F-4244-9DF5-8E914A20AA25}.Release|x64.Build.0 = Release|x64
		{23B53125-E92F-4244-9DF5-8E914A20AA25}.Release|x86.ActiveCfg = Release|Win32
		{23B53125-E92F-4244-9DF5-8E914A20AA25}.Release|x86.Build.0 = Release|Win32
		{23B53125-E92F-4244-9DF5-8E914A20AA25}.ReleaseWithoutConsole|x64.ActiveCfg = ReleaseWithoutConsole|x64
		{23B53125-E92F-4244-9DF5-8E914A20AA25}.ReleaseWithoutConsole|x64.Build.0 = ReleaseWithoutConsole|x64
		{23B53125-E92F-4244-9DF5-8E914A20AA25}.ReleaseWithoutConsole|x86.ActiveCfg = ReleaseWithoutConsole|Win32
		{23B53125-E92F-4244-9DF5-8E914A20AA25}.ReleaseWithoutConsole|x86.Build.0 = ReleaseWithoutConsole|Win32
	EndGlobalSection
	GlobalSection(SolutionProperties) = preSolution
		HideSolutionNode = FALSE
	EndGlobalSection
	GlobalSection(ExtensibilityGlobals) = postSolution
		SolutionGuid = {3B79DFD3-1319-4B7F-A96A-9E2DFF16D65A}
	EndGlobalSection
EndGlobal
